// !$*UTF8*$!
{
	archiveVersion = 1;
	classes = {
	};
	objectVersion = 56;
	objects = {

/* Begin PBXBuildFile section */
		9A3B7B2A299C5058001E2CDD /* .KEYS.plist in Resources */ = {isa = PBXBuildFile; fileRef = 9A3B7B29299C5058001E2CDD /* .KEYS.plist */; };
		9A586C5E299393CB0001A1EA /* Assets.xcassets in Resources */ = {isa = PBXBuildFile; fileRef = 9A586C5D299393CB0001A1EA /* Assets.xcassets */; };
		9A586C6C299393CB0001A1EA /* BookReaderTests.swift in Sources */ = {isa = PBXBuildFile; fileRef = 9A586C6B299393CB0001A1EA /* BookReaderTests.swift */; };
		9A586C76299393CB0001A1EA /* BookReaderUITests.swift in Sources */ = {isa = PBXBuildFile; fileRef = 9A586C75299393CB0001A1EA /* BookReaderUITests.swift */; };
		9A586C78299393CB0001A1EA /* BookReaderUITestsLaunchTests.swift in Sources */ = {isa = PBXBuildFile; fileRef = 9A586C77299393CB0001A1EA /* BookReaderUITestsLaunchTests.swift */; };
		9A6F6130299D1D910036B037 /* Main in Frameworks */ = {isa = PBXBuildFile; productRef = 9A6F612F299D1D910036B037 /* Main */; };
/* End PBXBuildFile section */

/* Begin PBXContainerItemProxy section */
		9A586C68299393CB0001A1EA /* PBXContainerItemProxy */ = {
			isa = PBXContainerItemProxy;
			containerPortal = 9A586C4E299393CA0001A1EA /* Project object */;
			proxyType = 1;
			remoteGlobalIDString = 9A586C55299393CA0001A1EA;
			remoteInfo = BookReader;
		};
		9A586C72299393CB0001A1EA /* PBXContainerItemProxy */ = {
			isa = PBXContainerItemProxy;
			containerPortal = 9A586C4E299393CA0001A1EA /* Project object */;
			proxyType = 1;
			remoteGlobalIDString = 9A586C55299393CA0001A1EA;
			remoteInfo = BookReader;
		};
/* End PBXContainerItemProxy section */

/* Begin PBXCopyFilesBuildPhase section */
		9A3B7B64299CCE89001E2CDD /* Embed Frameworks */ = {
			isa = PBXCopyFilesBuildPhase;
			buildActionMask = 2147483647;
			dstPath = "";
			dstSubfolderSpec = 10;
			files = (
			);
			name = "Embed Frameworks";
			runOnlyForDeploymentPostprocessing = 0;
		};
/* End PBXCopyFilesBuildPhase section */

/* Begin PBXFileReference section */
		9A21F725299D300900B1B16F /* Models */ = {isa = PBXFileReference; lastKnownFileType = wrapper; path = Models; sourceTree = "<group>"; };
		9A3B7B29299C5058001E2CDD /* .KEYS.plist */ = {isa = PBXFileReference; lastKnownFileType = text.plist.xml; path = .KEYS.plist; sourceTree = "<group>"; };
		9A586C56299393CA0001A1EA /* BookReader.app */ = {isa = PBXFileReference; explicitFileType = wrapper.application; includeInIndex = 0; path = BookReader.app; sourceTree = BUILT_PRODUCTS_DIR; };
		9A586C5D299393CB0001A1EA /* Assets.xcassets */ = {isa = PBXFileReference; lastKnownFileType = folder.assetcatalog; path = Assets.xcassets; sourceTree = "<group>"; };
		9A586C5F299393CB0001A1EA /* BookReader.entitlements */ = {isa = PBXFileReference; lastKnownFileType = text.plist.entitlements; path = BookReader.entitlements; sourceTree = "<group>"; };
		9A586C67299393CB0001A1EA /* BookReaderTests.xctest */ = {isa = PBXFileReference; explicitFileType = wrapper.cfbundle; includeInIndex = 0; path = BookReaderTests.xctest; sourceTree = BUILT_PRODUCTS_DIR; };
		9A586C6B299393CB0001A1EA /* BookReaderTests.swift */ = {isa = PBXFileReference; lastKnownFileType = sourcecode.swift; path = BookReaderTests.swift; sourceTree = "<group>"; };
		9A586C71299393CB0001A1EA /* BookReaderUITests.xctest */ = {isa = PBXFileReference; explicitFileType = wrapper.cfbundle; includeInIndex = 0; path = BookReaderUITests.xctest; sourceTree = BUILT_PRODUCTS_DIR; };
		9A586C75299393CB0001A1EA /* BookReaderUITests.swift */ = {isa = PBXFileReference; lastKnownFileType = sourcecode.swift; path = BookReaderUITests.swift; sourceTree = "<group>"; };
		9A586C77299393CB0001A1EA /* BookReaderUITestsLaunchTests.swift */ = {isa = PBXFileReference; lastKnownFileType = sourcecode.swift; path = BookReaderUITestsLaunchTests.swift; sourceTree = "<group>"; };
		9AB5943A299D303F0051C74E /* Views */ = {isa = PBXFileReference; lastKnownFileType = wrapper; path = Views; sourceTree = "<group>"; };
		9AB5943C299D30690051C74E /* PDFViewer */ = {isa = PBXFileReference; lastKnownFileType = wrapper; path = PDFViewer; sourceTree = "<group>"; };
		9AC2F7A12993A3F70053EA37 /* Info.plist */ = {isa = PBXFileReference; lastKnownFileType = text.plist; path = Info.plist; sourceTree = "<group>"; };
		9ADAB087299D1BF100541BE4 /* Main */ = {isa = PBXFileReference; lastKnownFileType = wrapper; path = Main; sourceTree = "<group>"; };
		9AE0D850299D0951007A872A /* tdlibkit */ = {isa = PBXFileReference; lastKnownFileType = wrapper; name = tdlibkit; path = "/Users/standard/Library/Developer/Xcode/DerivedData/BookReader-eaxzfmnkrzzyigarzqdxznkfldtw/SourcePackages/checkouts/tdlibkit"; sourceTree = "<absolute>"; };
		9AFAA0EE299D2ED2001EB466 /* UITools */ = {isa = PBXFileReference; lastKnownFileType = wrapper; path = UITools; sourceTree = "<group>"; };
		9AFAA0EF299D2EE0001EB466 /* ViewModels */ = {isa = PBXFileReference; lastKnownFileType = wrapper; path = ViewModels; sourceTree = "<group>"; };
		9AFAA0F0299D2EEF001EB466 /* LocalReader */ = {isa = PBXFileReference; lastKnownFileType = wrapper; path = LocalReader; sourceTree = "<group>"; };
		9AFAA0F2299D2F14001EB466 /* Tools */ = {isa = PBXFileReference; lastKnownFileType = wrapper; path = Tools; sourceTree = "<group>"; };
		9AFAA0F3299D2F20001EB466 /* GutenReader */ = {isa = PBXFileReference; lastKnownFileType = wrapper; path = GutenReader; sourceTree = "<group>"; };
		9AFAA0F5299D2F34001EB466 /* TelegramReader */ = {isa = PBXFileReference; lastKnownFileType = wrapper; path = TelegramReader; sourceTree = "<group>"; };
/* End PBXFileReference section */

/* Begin PBXFrameworksBuildPhase section */
		9A586C53299393CA0001A1EA /* Frameworks */ = {
			isa = PBXFrameworksBuildPhase;
			buildActionMask = 2147483647;
			files = (
				9A6F6130299D1D910036B037 /* Main in Frameworks */,
			);
			runOnlyForDeploymentPostprocessing = 0;
		};
		9A586C64299393CB0001A1EA /* Frameworks */ = {
			isa = PBXFrameworksBuildPhase;
			buildActionMask = 2147483647;
			files = (
			);
			runOnlyForDeploymentPostprocessing = 0;
		};
		9A586C6E299393CB0001A1EA /* Frameworks */ = {
			isa = PBXFrameworksBuildPhase;
			buildActionMask = 2147483647;
			files = (
			);
			runOnlyForDeploymentPostprocessing = 0;
		};
/* End PBXFrameworksBuildPhase section */

/* Begin PBXGroup section */
		9A08DC01299CE76A00492F48 /* Frameworks */ = {
			isa = PBXGroup;
			children = (
				9AE0D850299D0951007A872A /* tdlibkit */,
			);
			name = Frameworks;
			sourceTree = "<group>";
		};
		9A586C4D299393CA0001A1EA = {
			isa = PBXGroup;
			children = (
				9ADAB087299D1BF100541BE4 /* Main */,
				9A21F725299D300900B1B16F /* Models */,
				9AFAA0EF299D2EE0001EB466 /* ViewModels */,
				9AB5943A299D303F0051C74E /* Views */,
				9AFAA0F2299D2F14001EB466 /* Tools */,
				9AFAA0EE299D2ED2001EB466 /* UITools */,
				9AB5943C299D30690051C74E /* PDFViewer */,
				9AFAA0F0299D2EEF001EB466 /* LocalReader */,
				9AFAA0F3299D2F20001EB466 /* GutenReader */,
				9AFAA0F5299D2F34001EB466 /* TelegramReader */,
				9A586C58299393CA0001A1EA /* BookReader */,
				9A586C6A299393CB0001A1EA /* BookReaderTests */,
				9A586C74299393CB0001A1EA /* BookReaderUITests */,
				9A586C57299393CA0001A1EA /* Products */,
				9A08DC01299CE76A00492F48 /* Frameworks */,
			);
			sourceTree = "<group>";
		};
		9A586C57299393CA0001A1EA /* Products */ = {
			isa = PBXGroup;
			children = (
				9A586C56299393CA0001A1EA /* BookReader.app */,
				9A586C67299393CB0001A1EA /* BookReaderTests.xctest */,
				9A586C71299393CB0001A1EA /* BookReaderUITests.xctest */,
			);
			name = Products;
			sourceTree = "<group>";
		};
		9A586C58299393CA0001A1EA /* BookReader */ = {
			isa = PBXGroup;
			children = (
				9A3B7B29299C5058001E2CDD /* .KEYS.plist */,
				9AC2F7A12993A3F70053EA37 /* Info.plist */,
				9A586C5D299393CB0001A1EA /* Assets.xcassets */,
				9A586C5F299393CB0001A1EA /* BookReader.entitlements */,
			);
			path = BookReader;
			sourceTree = "<group>";
		};
		9A586C6A299393CB0001A1EA /* BookReaderTests */ = {
			isa = PBXGroup;
			children = (
				9A586C6B299393CB0001A1EA /* BookReaderTests.swift */,
			);
			path = BookReaderTests;
			sourceTree = "<group>";
		};
		9A586C74299393CB0001A1EA /* BookReaderUITests */ = {
			isa = PBXGroup;
			children = (
				9A586C75299393CB0001A1EA /* BookReaderUITests.swift */,
				9A586C77299393CB0001A1EA /* BookReaderUITestsLaunchTests.swift */,
			);
			path = BookReaderUITests;
			sourceTree = "<group>";
		};
/* End PBXGroup section */

/* Begin PBXNativeTarget section */
		9A586C55299393CA0001A1EA /* BookReader */ = {
			isa = PBXNativeTarget;
			buildConfigurationList = 9A586C7B299393CB0001A1EA /* Build configuration list for PBXNativeTarget "BookReader" */;
			buildPhases = (
				9A586C52299393CA0001A1EA /* Sources */,
				9A586C53299393CA0001A1EA /* Frameworks */,
				9A586C54299393CA0001A1EA /* Resources */,
				9A3B7B64299CCE89001E2CDD /* Embed Frameworks */,
			);
			buildRules = (
			);
			dependencies = (
			);
			name = BookReader;
			packageProductDependencies = (
				9A6F612F299D1D910036B037 /* Main */,
			);
			productName = BookReader;
			productReference = 9A586C56299393CA0001A1EA /* BookReader.app */;
			productType = "com.apple.product-type.application";
		};
		9A586C66299393CB0001A1EA /* BookReaderTests */ = {
			isa = PBXNativeTarget;
			buildConfigurationList = 9A586C7E299393CB0001A1EA /* Build configuration list for PBXNativeTarget "BookReaderTests" */;
			buildPhases = (
				9A586C63299393CB0001A1EA /* Sources */,
				9A586C64299393CB0001A1EA /* Frameworks */,
				9A586C65299393CB0001A1EA /* Resources */,
			);
			buildRules = (
			);
			dependencies = (
				9A586C69299393CB0001A1EA /* PBXTargetDependency */,
			);
			name = BookReaderTests;
			productName = BookReaderTests;
			productReference = 9A586C67299393CB0001A1EA /* BookReaderTests.xctest */;
			productType = "com.apple.product-type.bundle.unit-test";
		};
		9A586C70299393CB0001A1EA /* BookReaderUITests */ = {
			isa = PBXNativeTarget;
			buildConfigurationList = 9A586C81299393CB0001A1EA /* Build configuration list for PBXNativeTarget "BookReaderUITests" */;
			buildPhases = (
				9A586C6D299393CB0001A1EA /* Sources */,
				9A586C6E299393CB0001A1EA /* Frameworks */,
				9A586C6F299393CB0001A1EA /* Resources */,
			);
			buildRules = (
			);
			dependencies = (
				9A586C73299393CB0001A1EA /* PBXTargetDependency */,
			);
			name = BookReaderUITests;
			productName = BookReaderUITests;
			productReference = 9A586C71299393CB0001A1EA /* BookReaderUITests.xctest */;
			productType = "com.apple.product-type.bundle.ui-testing";
		};
/* End PBXNativeTarget section */

/* Begin PBXProject section */
		9A586C4E299393CA0001A1EA /* Project object */ = {
			isa = PBXProject;
			attributes = {
				BuildIndependentTargetsInParallel = 1;
				LastSwiftUpdateCheck = 1420;
				LastUpgradeCheck = 1420;
				TargetAttributes = {
					9A586C55299393CA0001A1EA = {
						CreatedOnToolsVersion = 14.2;
						LastSwiftMigration = 1420;
					};
					9A586C66299393CB0001A1EA = {
						CreatedOnToolsVersion = 14.2;
						TestTargetID = 9A586C55299393CA0001A1EA;
					};
					9A586C70299393CB0001A1EA = {
						CreatedOnToolsVersion = 14.2;
						TestTargetID = 9A586C55299393CA0001A1EA;
					};
				};
			};
			buildConfigurationList = 9A586C51299393CA0001A1EA /* Build configuration list for PBXProject "BookReader" */;
			compatibilityVersion = "Xcode 14.0";
			developmentRegion = en;
			hasScannedForEncodings = 0;
			knownRegions = (
				en,
				Base,
			);
			mainGroup = 9A586C4D299393CA0001A1EA;
			packageReferences = (
			);
			productRefGroup = 9A586C57299393CA0001A1EA /* Products */;
			projectDirPath = "";
			projectRoot = "";
			targets = (
				9A586C55299393CA0001A1EA /* BookReader */,
				9A586C66299393CB0001A1EA /* BookReaderTests */,
				9A586C70299393CB0001A1EA /* BookReaderUITests */,
			);
		};
/* End PBXProject section */

/* Begin PBXResourcesBuildPhase section */
		9A586C54299393CA0001A1EA /* Resources */ = {
			isa = PBXResourcesBuildPhase;
			buildActionMask = 2147483647;
			files = (
				9A3B7B2A299C5058001E2CDD /* .KEYS.plist in Resources */,
				9A586C5E299393CB0001A1EA /* Assets.xcassets in Resources */,
			);
			runOnlyForDeploymentPostprocessing = 0;
		};
		9A586C65299393CB0001A1EA /* Resources */ = {
			isa = PBXResourcesBuildPhase;
			buildActionMask = 2147483647;
			files = (
			);
			runOnlyForDeploymentPostprocessing = 0;
		};
		9A586C6F299393CB0001A1EA /* Resources */ = {
			isa = PBXResourcesBuildPhase;
			buildActionMask = 2147483647;
			files = (
			);
			runOnlyForDeploymentPostprocessing = 0;
		};
/* End PBXResourcesBuildPhase section */

/* Begin PBXSourcesBuildPhase section */
		9A586C52299393CA0001A1EA /* Sources */ = {
			isa = PBXSourcesBuildPhase;
			buildActionMask = 2147483647;
			files = (
			);
			runOnlyForDeploymentPostprocessing = 0;
		};
		9A586C63299393CB0001A1EA /* Sources */ = {
			isa = PBXSourcesBuildPhase;
			buildActionMask = 2147483647;
			files = (
				9A586C6C299393CB0001A1EA /* BookReaderTests.swift in Sources */,
			);
			runOnlyForDeploymentPostprocessing = 0;
		};
		9A586C6D299393CB0001A1EA /* Sources */ = {
			isa = PBXSourcesBuildPhase;
			buildActionMask = 2147483647;
			files = (
				9A586C78299393CB0001A1EA /* BookReaderUITestsLaunchTests.swift in Sources */,
				9A586C76299393CB0001A1EA /* BookReaderUITests.swift in Sources */,
			);
			runOnlyForDeploymentPostprocessing = 0;
		};
/* End PBXSourcesBuildPhase section */

/* Begin PBXTargetDependency section */
		9A586C69299393CB0001A1EA /* PBXTargetDependency */ = {
			isa = PBXTargetDependency;
			target = 9A586C55299393CA0001A1EA /* BookReader */;
			targetProxy = 9A586C68299393CB0001A1EA /* PBXContainerItemProxy */;
		};
		9A586C73299393CB0001A1EA /* PBXTargetDependency */ = {
			isa = PBXTargetDependency;
			target = 9A586C55299393CA0001A1EA /* BookReader */;
			targetProxy = 9A586C72299393CB0001A1EA /* PBXContainerItemProxy */;
		};
/* End PBXTargetDependency section */

/* Begin XCBuildConfiguration section */
		9A586C79299393CB0001A1EA /* Debug */ = {
			isa = XCBuildConfiguration;
			buildSettings = {
				ALWAYS_SEARCH_USER_PATHS = NO;
				CLANG_ANALYZER_NONNULL = YES;
				CLANG_ANALYZER_NUMBER_OBJECT_CONVERSION = YES_AGGRESSIVE;
				CLANG_CXX_LANGUAGE_STANDARD = "gnu++20";
				CLANG_ENABLE_MODULES = YES;
				CLANG_ENABLE_OBJC_ARC = YES;
				CLANG_ENABLE_OBJC_WEAK = YES;
				CLANG_WARN_BLOCK_CAPTURE_AUTORELEASING = YES;
				CLANG_WARN_BOOL_CONVERSION = YES;
				CLANG_WARN_COMMA = YES;
				CLANG_WARN_CONSTANT_CONVERSION = YES;
				CLANG_WARN_DEPRECATED_OBJC_IMPLEMENTATIONS = YES;
				CLANG_WARN_DIRECT_OBJC_ISA_USAGE = YES_ERROR;
				CLANG_WARN_DOCUMENTATION_COMMENTS = YES;
				CLANG_WARN_EMPTY_BODY = YES;
				CLANG_WARN_ENUM_CONVERSION = YES;
				CLANG_WARN_INFINITE_RECURSION = YES;
				CLANG_WARN_INT_CONVERSION = YES;
				CLANG_WARN_NON_LITERAL_NULL_CONVERSION = YES;
				CLANG_WARN_OBJC_IMPLICIT_RETAIN_SELF = YES;
				CLANG_WARN_OBJC_LITERAL_CONVERSION = YES;
				CLANG_WARN_OBJC_ROOT_CLASS = YES_ERROR;
				CLANG_WARN_QUOTED_INCLUDE_IN_FRAMEWORK_HEADER = YES;
				CLANG_WARN_RANGE_LOOP_ANALYSIS = YES;
				CLANG_WARN_STRICT_PROTOTYPES = YES;
				CLANG_WARN_SUSPICIOUS_MOVE = YES;
				CLANG_WARN_UNGUARDED_AVAILABILITY = YES_AGGRESSIVE;
				CLANG_WARN_UNREACHABLE_CODE = YES;
				CLANG_WARN__DUPLICATE_METHOD_MATCH = YES;
				COPY_PHASE_STRIP = NO;
				DEBUG_INFORMATION_FORMAT = dwarf;
				ENABLE_STRICT_OBJC_MSGSEND = YES;
				ENABLE_TESTABILITY = YES;
				GCC_C_LANGUAGE_STANDARD = gnu11;
				GCC_DYNAMIC_NO_PIC = NO;
				GCC_NO_COMMON_BLOCKS = YES;
				GCC_OPTIMIZATION_LEVEL = 0;
				GCC_PREPROCESSOR_DEFINITIONS = (
					"DEBUG=1",
					"$(inherited)",
				);
				GCC_WARN_64_TO_32_BIT_CONVERSION = YES;
				GCC_WARN_ABOUT_RETURN_TYPE = YES_ERROR;
				GCC_WARN_UNDECLARED_SELECTOR = YES;
				GCC_WARN_UNINITIALIZED_AUTOS = YES_AGGRESSIVE;
				GCC_WARN_UNUSED_FUNCTION = YES;
				GCC_WARN_UNUSED_VARIABLE = YES;
				IPHONEOS_DEPLOYMENT_TARGET = 15.0;
				MTL_ENABLE_DEBUG_INFO = INCLUDE_SOURCE;
				MTL_FAST_MATH = YES;
				ONLY_ACTIVE_ARCH = YES;
				SWIFT_ACTIVE_COMPILATION_CONDITIONS = DEBUG;
				SWIFT_OPTIMIZATION_LEVEL = "-Onone";
				SWIFT_VERSION = 5.0;
			};
			name = Debug;
		};
		9A586C7A299393CB0001A1EA /* Release */ = {
			isa = XCBuildConfiguration;
			buildSettings = {
				ALWAYS_SEARCH_USER_PATHS = NO;
				CLANG_ANALYZER_NONNULL = YES;
				CLANG_ANALYZER_NUMBER_OBJECT_CONVERSION = YES_AGGRESSIVE;
				CLANG_CXX_LANGUAGE_STANDARD = "gnu++20";
				CLANG_ENABLE_MODULES = YES;
				CLANG_ENABLE_OBJC_ARC = YES;
				CLANG_ENABLE_OBJC_WEAK = YES;
				CLANG_WARN_BLOCK_CAPTURE_AUTORELEASING = YES;
				CLANG_WARN_BOOL_CONVERSION = YES;
				CLANG_WARN_COMMA = YES;
				CLANG_WARN_CONSTANT_CONVERSION = YES;
				CLANG_WARN_DEPRECATED_OBJC_IMPLEMENTATIONS = YES;
				CLANG_WARN_DIRECT_OBJC_ISA_USAGE = YES_ERROR;
				CLANG_WARN_DOCUMENTATION_COMMENTS = YES;
				CLANG_WARN_EMPTY_BODY = YES;
				CLANG_WARN_ENUM_CONVERSION = YES;
				CLANG_WARN_INFINITE_RECURSION = YES;
				CLANG_WARN_INT_CONVERSION = YES;
				CLANG_WARN_NON_LITERAL_NULL_CONVERSION = YES;
				CLANG_WARN_OBJC_IMPLICIT_RETAIN_SELF = YES;
				CLANG_WARN_OBJC_LITERAL_CONVERSION = YES;
				CLANG_WARN_OBJC_ROOT_CLASS = YES_ERROR;
				CLANG_WARN_QUOTED_INCLUDE_IN_FRAMEWORK_HEADER = YES;
				CLANG_WARN_RANGE_LOOP_ANALYSIS = YES;
				CLANG_WARN_STRICT_PROTOTYPES = YES;
				CLANG_WARN_SUSPICIOUS_MOVE = YES;
				CLANG_WARN_UNGUARDED_AVAILABILITY = YES_AGGRESSIVE;
				CLANG_WARN_UNREACHABLE_CODE = YES;
				CLANG_WARN__DUPLICATE_METHOD_MATCH = YES;
				COPY_PHASE_STRIP = NO;
				DEBUG_INFORMATION_FORMAT = "dwarf-with-dsym";
				ENABLE_NS_ASSERTIONS = NO;
				ENABLE_STRICT_OBJC_MSGSEND = YES;
				GCC_C_LANGUAGE_STANDARD = gnu11;
				GCC_NO_COMMON_BLOCKS = YES;
				GCC_WARN_64_TO_32_BIT_CONVERSION = YES;
				GCC_WARN_ABOUT_RETURN_TYPE = YES_ERROR;
				GCC_WARN_UNDECLARED_SELECTOR = YES;
				GCC_WARN_UNINITIALIZED_AUTOS = YES_AGGRESSIVE;
				GCC_WARN_UNUSED_FUNCTION = YES;
				GCC_WARN_UNUSED_VARIABLE = YES;
				IPHONEOS_DEPLOYMENT_TARGET = 15.0;
				MTL_ENABLE_DEBUG_INFO = NO;
				MTL_FAST_MATH = YES;
				SWIFT_COMPILATION_MODE = wholemodule;
				SWIFT_OPTIMIZATION_LEVEL = "-O";
				SWIFT_VERSION = 5.0;
			};
			name = Release;
		};
		9A586C7C299393CB0001A1EA /* Debug */ = {
			isa = XCBuildConfiguration;
			buildSettings = {
				ASSETCATALOG_COMPILER_APPICON_NAME = AppIcon;
				ASSETCATALOG_COMPILER_GLOBAL_ACCENT_COLOR_NAME = AccentColor;
				CLANG_ENABLE_MODULES = YES;
				CODE_SIGN_ENTITLEMENTS = BookReader/BookReader.entitlements;
				CODE_SIGN_STYLE = Automatic;
				CURRENT_PROJECT_VERSION = 1;
				DEVELOPMENT_ASSET_PATHS = "\"BookReader/Preview Content\"";
				DEVELOPMENT_TEAM = 9MVLBZ7VBR;
				ENABLE_HARDENED_RUNTIME = YES;
				ENABLE_PREVIEWS = YES;
				GENERATE_INFOPLIST_FILE = YES;
				INFOPLIST_FILE = BookReader/Info.plist;
				INFOPLIST_KEY_LSSupportsOpeningDocumentsInPlace = YES;
				"INFOPLIST_KEY_UIApplicationSceneManifest_Generation[sdk=iphoneos*]" = YES;
				"INFOPLIST_KEY_UIApplicationSceneManifest_Generation[sdk=iphonesimulator*]" = YES;
				"INFOPLIST_KEY_UIApplicationSupportsIndirectInputEvents[sdk=iphoneos*]" = YES;
				"INFOPLIST_KEY_UIApplicationSupportsIndirectInputEvents[sdk=iphonesimulator*]" = YES;
				"INFOPLIST_KEY_UILaunchScreen_Generation[sdk=iphoneos*]" = YES;
				"INFOPLIST_KEY_UILaunchScreen_Generation[sdk=iphonesimulator*]" = YES;
				INFOPLIST_KEY_UIStatusBarHidden = YES;
				INFOPLIST_KEY_UIStatusBarStyle = "";
				"INFOPLIST_KEY_UIStatusBarStyle[sdk=iphoneos*]" = UIStatusBarStyleDefault;
				"INFOPLIST_KEY_UIStatusBarStyle[sdk=iphonesimulator*]" = UIStatusBarStyleDefault;
				INFOPLIST_KEY_UISupportedInterfaceOrientations_iPad = "UIInterfaceOrientationPortrait UIInterfaceOrientationPortraitUpsideDown UIInterfaceOrientationLandscapeLeft UIInterfaceOrientationLandscapeRight";
				INFOPLIST_KEY_UISupportedInterfaceOrientations_iPhone = "UIInterfaceOrientationPortrait UIInterfaceOrientationLandscapeLeft UIInterfaceOrientationLandscapeRight";
				IPHONEOS_DEPLOYMENT_TARGET = 16.1;
				LD_RUNPATH_SEARCH_PATHS = "@executable_path/Frameworks";
				"LD_RUNPATH_SEARCH_PATHS[sdk=macosx*]" = "@executable_path/../Frameworks";
				MACOSX_DEPLOYMENT_TARGET = 13.1;
				MARKETING_VERSION = 1.0;
				PRODUCT_BUNDLE_IDENTIFIER = org.standard.BookReader;
				PRODUCT_NAME = "$(TARGET_NAME)";
				SDKROOT = auto;
				SUPPORTED_PLATFORMS = "iphoneos iphonesimulator";
				SUPPORTS_MACCATALYST = YES;
				SUPPORTS_MAC_DESIGNED_FOR_IPHONE_IPAD = NO;
				SWIFT_EMIT_LOC_STRINGS = YES;
				SWIFT_OPTIMIZATION_LEVEL = "-Onone";
				SWIFT_VERSION = 5.0;
				TARGETED_DEVICE_FAMILY = "1,2";
			};
			name = Debug;
		};
		9A586C7D299393CB0001A1EA /* Release */ = {
			isa = XCBuildConfiguration;
			buildSettings = {
				ASSETCATALOG_COMPILER_APPICON_NAME = AppIcon;
				ASSETCATALOG_COMPILER_GLOBAL_ACCENT_COLOR_NAME = AccentColor;
				CLANG_ENABLE_MODULES = YES;
				CODE_SIGN_ENTITLEMENTS = BookReader/BookReader.entitlements;
				CODE_SIGN_STYLE = Automatic;
				CURRENT_PROJECT_VERSION = 1;
				DEVELOPMENT_ASSET_PATHS = "\"BookReader/Preview Content\"";
				DEVELOPMENT_TEAM = 9MVLBZ7VBR;
				ENABLE_HARDENED_RUNTIME = YES;
				ENABLE_PREVIEWS = YES;
				GENERATE_INFOPLIST_FILE = YES;
				INFOPLIST_FILE = BookReader/Info.plist;
				INFOPLIST_KEY_LSSupportsOpeningDocumentsInPlace = YES;
				"INFOPLIST_KEY_UIApplicationSceneManifest_Generation[sdk=iphoneos*]" = YES;
				"INFOPLIST_KEY_UIApplicationSceneManifest_Generation[sdk=iphonesimulator*]" = YES;
				"INFOPLIST_KEY_UIApplicationSupportsIndirectInputEvents[sdk=iphoneos*]" = YES;
				"INFOPLIST_KEY_UIApplicationSupportsIndirectInputEvents[sdk=iphonesimulator*]" = YES;
				"INFOPLIST_KEY_UILaunchScreen_Generation[sdk=iphoneos*]" = YES;
				"INFOPLIST_KEY_UILaunchScreen_Generation[sdk=iphonesimulator*]" = YES;
				INFOPLIST_KEY_UIStatusBarHidden = YES;
				INFOPLIST_KEY_UIStatusBarStyle = "";
				"INFOPLIST_KEY_UIStatusBarStyle[sdk=iphoneos*]" = UIStatusBarStyleDefault;
				"INFOPLIST_KEY_UIStatusBarStyle[sdk=iphonesimulator*]" = UIStatusBarStyleDefault;
				INFOPLIST_KEY_UISupportedInterfaceOrientations_iPad = "UIInterfaceOrientationPortrait UIInterfaceOrientationPortraitUpsideDown UIInterfaceOrientationLandscapeLeft UIInterfaceOrientationLandscapeRight";
				INFOPLIST_KEY_UISupportedInterfaceOrientations_iPhone = "UIInterfaceOrientationPortrait UIInterfaceOrientationLandscapeLeft UIInterfaceOrientationLandscapeRight";
				IPHONEOS_DEPLOYMENT_TARGET = 16.1;
				LD_RUNPATH_SEARCH_PATHS = "@executable_path/Frameworks";
				"LD_RUNPATH_SEARCH_PATHS[sdk=macosx*]" = "@executable_path/../Frameworks";
				MACOSX_DEPLOYMENT_TARGET = 13.1;
				MARKETING_VERSION = 1.0;
				PRODUCT_BUNDLE_IDENTIFIER = org.standard.BookReader;
				PRODUCT_NAME = "$(TARGET_NAME)";
				SDKROOT = auto;
				SUPPORTED_PLATFORMS = "iphoneos iphonesimulator";
				SUPPORTS_MACCATALYST = YES;
				SUPPORTS_MAC_DESIGNED_FOR_IPHONE_IPAD = NO;
				SWIFT_EMIT_LOC_STRINGS = YES;
				SWIFT_VERSION = 5.0;
				TARGETED_DEVICE_FAMILY = "1,2";
			};
			name = Release;
		};
		9A586C7F299393CB0001A1EA /* Debug */ = {
			isa = XCBuildConfiguration;
			buildSettings = {
				BUNDLE_LOADER = "$(TEST_HOST)";
				CODE_SIGN_STYLE = Automatic;
				CURRENT_PROJECT_VERSION = 1;
				DEVELOPMENT_TEAM = 9MVLBZ7VBR;
				GENERATE_INFOPLIST_FILE = YES;
				IPHONEOS_DEPLOYMENT_TARGET = 16.2;
				MACOSX_DEPLOYMENT_TARGET = 13.1;
				MARKETING_VERSION = 1.0;
				PRODUCT_BUNDLE_IDENTIFIER = org.standard.BookReaderTests;
				PRODUCT_NAME = "$(TARGET_NAME)";
				SDKROOT = auto;
				SUPPORTED_PLATFORMS = "iphoneos iphonesimulator macosx";
				SWIFT_EMIT_LOC_STRINGS = NO;
				SWIFT_VERSION = 5.0;
				TARGETED_DEVICE_FAMILY = "1,2";
				TEST_HOST = "$(BUILT_PRODUCTS_DIR)/BookReader.app/$(BUNDLE_EXECUTABLE_FOLDER_PATH)/BookReader";
			};
			name = Debug;
		};
		9A586C80299393CB0001A1EA /* Release */ = {
			isa = XCBuildConfiguration;
			buildSettings = {
				BUNDLE_LOADER = "$(TEST_HOST)";
				CODE_SIGN_STYLE = Automatic;
				CURRENT_PROJECT_VERSION = 1;
				DEVELOPMENT_TEAM = 9MVLBZ7VBR;
				GENERATE_INFOPLIST_FILE = YES;
				IPHONEOS_DEPLOYMENT_TARGET = 16.2;
				MACOSX_DEPLOYMENT_TARGET = 13.1;
				MARKETING_VERSION = 1.0;
				PRODUCT_BUNDLE_IDENTIFIER = org.standard.BookReaderTests;
				PRODUCT_NAME = "$(TARGET_NAME)";
				SDKROOT = auto;
				SUPPORTED_PLATFORMS = "iphoneos iphonesimulator macosx";
				SWIFT_EMIT_LOC_STRINGS = NO;
				SWIFT_VERSION = 5.0;
				TARGETED_DEVICE_FAMILY = "1,2";
				TEST_HOST = "$(BUILT_PRODUCTS_DIR)/BookReader.app/$(BUNDLE_EXECUTABLE_FOLDER_PATH)/BookReader";
			};
			name = Release;
		};
		9A586C82299393CB0001A1EA /* Debug */ = {
			isa = XCBuildConfiguration;
			buildSettings = {
				CODE_SIGN_STYLE = Automatic;
				CURRENT_PROJECT_VERSION = 1;
				DEVELOPMENT_TEAM = 9MVLBZ7VBR;
				GENERATE_INFOPLIST_FILE = YES;
				IPHONEOS_DEPLOYMENT_TARGET = 16.2;
				MACOSX_DEPLOYMENT_TARGET = 13.1;
				MARKETING_VERSION = 1.0;
				PRODUCT_BUNDLE_IDENTIFIER = org.standard.BookReaderUITests;
				PRODUCT_NAME = "$(TARGET_NAME)";
				SDKROOT = auto;
				SUPPORTED_PLATFORMS = "iphoneos iphonesimulator macosx";
				SWIFT_EMIT_LOC_STRINGS = NO;
				SWIFT_VERSION = 5.0;
				TARGETED_DEVICE_FAMILY = "1,2";
				TEST_TARGET_NAME = BookReader;
			};
			name = Debug;
		};
		9A586C83299393CB0001A1EA /* Release */ = {
			isa = XCBuildConfiguration;
			buildSettings = {
				CODE_SIGN_STYLE = Automatic;
				CURRENT_PROJECT_VERSION = 1;
				DEVELOPMENT_TEAM = 9MVLBZ7VBR;
				GENERATE_INFOPLIST_FILE = YES;
				IPHONEOS_DEPLOYMENT_TARGET = 16.2;
				MACOSX_DEPLOYMENT_TARGET = 13.1;
				MARKETING_VERSION = 1.0;
				PRODUCT_BUNDLE_IDENTIFIER = org.standard.BookReaderUITests;
				PRODUCT_NAME = "$(TARGET_NAME)";
				SDKROOT = auto;
				SUPPORTED_PLATFORMS = "iphoneos iphonesimulator macosx";
				SWIFT_EMIT_LOC_STRINGS = NO;
				SWIFT_VERSION = 5.0;
				TARGETED_DEVICE_FAMILY = "1,2";
				TEST_TARGET_NAME = BookReader;
			};
			name = Release;
		};
/* End XCBuildConfiguration section */

/* Begin XCConfigurationList section */
		9A586C51299393CA0001A1EA /* Build configuration list for PBXProject "BookReader" */ = {
			isa = XCConfigurationList;
			buildConfigurations = (
				9A586C79299393CB0001A1EA /* Debug */,
				9A586C7A299393CB0001A1EA /* Release */,
			);
			defaultConfigurationIsVisible = 0;
			defaultConfigurationName = Release;
		};
		9A586C7B299393CB0001A1EA /* Build configuration list for PBXNativeTarget "BookReader" */ = {
			isa = XCConfigurationList;
			buildConfigurations = (
				9A586C7C299393CB0001A1EA /* Debug */,
				9A586C7D299393CB0001A1EA /* Release */,
			);
			defaultConfigurationIsVisible = 0;
			defaultConfigurationName = Release;
		};
		9A586C7E299393CB0001A1EA /* Build configuration list for PBXNativeTarget "BookReaderTests" */ = {
			isa = XCConfigurationList;
			buildConfigurations = (
				9A586C7F299393CB0001A1EA /* Debug */,
				9A586C80299393CB0001A1EA /* Release */,
			);
			defaultConfigurationIsVisible = 0;
			defaultConfigurationName = Release;
		};
		9A586C81299393CB0001A1EA /* Build configuration list for PBXNativeTarget "BookReaderUITests" */ = {
			isa = XCConfigurationList;
			buildConfigurations = (
				9A586C82299393CB0001A1EA /* Debug */,
				9A586C83299393CB0001A1EA /* Release */,
			);
			defaultConfigurationIsVisible = 0;
			defaultConfigurationName = Release;
		};
/* End XCConfigurationList section */

/* Begin XCSwiftPackageProductDependency section */
		9A6F612F299D1D910036B037 /* Main */ = {
			isa = XCSwiftPackageProductDependency;
			productName = Main;
		};
/* End XCSwiftPackageProductDependency section */
	};
	rootObject = 9A586C4E299393CA0001A1EA /* Project object */;
}
